{
  "lockfile_version": "1",
  "packages": {
    "bun@latest": {
      "last_modified": "2026-03-10T02:35:18Z",
      "resolved": "github:NixOS/nixpkgs/e607cb5360ff1234862ac9f8839522becb853bb9#bun",
      "source": "devbox-search",
      "version": "1.3.10",
      "systems": {
        "aarch64-darwin": {
          "outputs": [
            {
              "name": "out",
              "path": "/nix/store/421j82pv4gjmh9n2gchb4cs40hqfj20d-bun-1.3.10",
              "default": true
            }
          ],
          "store_path": "/nix/store/421j82pv4gjmh9n2gchb4cs40hqfj20d-bun-1.3.10"
        },
        "aarch64-linux": {
          "outputs": [
            {
              "name": "out",
              "path": "/nix/store/ffdcfkl3kpdwagswlwlff6qazxkj4cag-bun-1.3.10",
              "default": true
            }
          ],
          "store_path": "/nix/store/ffdcfkl3kpdwagswlwlff6qazxkj4cag-bun-1.3.10"
        },
        "x86_64-darwin": {
          "outputs": [
            {
              "name": "out",
              "path": "/nix/store/k6gj0kvvy9nrs87i646qxj9hr6fkchix-bun-1.3.10",
              "default": true
            }
          ],
          "store_path": "/nix/store/k6gj0kvvy9nrs87i646qxj9hr6fkchix-bun-1.3.10"
        },
        "x86_64-linux": {
          "outputs": [
            {
              "name": "out",
              "path": "/nix/store/ffgyf7g2n4gbhi1zgbcphssivfah1c4s-bun-1.3.10",
              "default": true
            }
          ],
          "store_path": "/nix/store/ffgyf7g2n4gbhi1zgbcphssivfah1c4s-bun-1.3.10"
        }
      }
    },
    "github:NixOS/nixpkgs/nixpkgs-unstable": {
      "last_modified": "2026-03-16T02:27:38Z",
      "resolved": "github:NixOS/nixpkgs/f8573b9c935cfaa162dd62cc9e75ae2db86f85df?lastModified=1773628058&narHash=sha256-hpXH0z3K9xv0fHaje136KY872VT2T5uwxtezlAskQgY%3D"
    },
    "go@1.23": {
      "last_modified": "2025-08-08T08:05:48Z",
      "resolved": "github:NixOS/nixpkgs/a3f3e3f2c983e957af6b07a1db98bafd1f87b7a1#go_1_23",
      "source": "devbox-search",
      "version": "1.23.12",
      "systems": {
        "aarch64-darwin": {
          "outputs": [
            {
              "name": "out",
              "path": "/nix/store/ls7j3c95gdy2s5zzlzy751zgly53gs4c-go-1.23.12",
              "default": true
            }
          ],
          "store_path": "/nix/store/ls7j3c95gdy2s5zzlzy751zgly53gs4c-go-1.23.12"
        },
        "aarch64-linux": {
          "outputs": [
            {
              "name": "out",
              "path": "/nix/store/482v99lr94jxbx0c44dyydhxjhzs8na1-go-1.23.12",
              "default": true
            }
          ],
          "store_path": "/nix/store/482v99lr94jxbx0c44dyydhxjhzs8na1-go-1.23.12"
        },
        "x86_64-darwin": {
          "outputs": [
            {
              "name": "out",
              "path": "/nix/store/4xnvg72xnfsyrm426wn91rb594s507ja-go-1.23.12",
              "default": true
            }
          ],
          "store_path": "/nix/store/4xnvg72xnfsyrm426wn91rb594s507ja-go-1.23.12"
        },
        "x86_64-linux": {
          "outputs": [
            {
              "name": "out",
              "path": "/nix/store/nmmw1c5mwf7mzlbk5rnpm1gxvzh6jjw4-go-1.23.12",
              "default": true
            }
          ],
          "store_path": "/nix/store/nmmw1c5mwf7mzlbk5rnpm1gxvzh6jjw4-go-1.23.12"
        }
      }
    },
    "lefthook@latest": {
      "last_modified": "2026-02-23T15:40:43Z",
      "resolved": "github:NixOS/nixpkgs/80d901ec0377e19ac3f7bb8c035201e2e098cc97#lefthook",
      "source": "devbox-search",
      "version": "2.1.1",
      "systems": {
        "aarch64-darwin": {
          "outputs": [
            {
              "name": "out",
              "path": "/nix/store/bjfib611qahaz1ar2jcpv5n1yhd32n6d-lefthook-2.1.1",
              "default": true
            }
          ],
          "store_path": "/nix/store/bjfib611qahaz1ar2jcpv5n1yhd32n6d-lefthook-2.1.1"
        },
        "aarch64-linux": {
          "outputs": [
            {
              "name": "out",
              "path": "/nix/store/27jsapibvv93db507v3d1c99ran0ygnf-lefthook-2.1.1",
              "default": true
            }
          ],
          "store_path": "/nix/store/27jsapibvv93db507v3d1c99ran0ygnf-lefthook-2.1.1"
        },
        "x86_64-darwin": {
          "outputs": [
            {
              "name": "out",
              "path": "/nix/store/may82n10vx15lpj72fhlcnvzchw7kkjm-lefthook-2.1.1",
              "default": true
            }
          ],
          "store_path": "/nix/store/may82n10vx15lpj72fhlcnvzchw7kkjm-lefthook-2.1.1"
        },
        "x86_64-linux": {
          "outputs": [
            {
              "name": "out",
              "path": "/nix/store/g3zyhsqvkfdhz0dfg1bfk5baf49rvdxi-lefthook-2.1.1",
              "default": true
            }
          ],
          "store_path": "/nix/store/g3zyhsqvkfdhz0dfg1bfk5baf49rvdxi-lefthook-2.1.1"
        }
      }
    },
    "wails@latest": {
      "last_modified": "2026-03-21T07:29:51Z",
      "resolved": "github:NixOS/nixpkgs/09061f748ee21f68a089cd5d91ec1859cd93d0be#wails",
      "source": "devbox-search",
      "version": "2.11.0",
      "systems": {
        "aarch64-darwin": {
          "outputs": [
            {
              "name": "out",
              "path": "/nix/store/gq0slkj6fls6yq0x7ymyc4vcwvs0sn5k-wails-2.11.0",
              "default": true
            }
          ],
          "store_path": "/nix/store/gq0slkj6fls6yq0x7ymyc4vcwvs0sn5k-wails-2.11.0"
        },
        "aarch64-linux": {
          "outputs": [
            {
              "name": "out",
              "path": "/nix/store/1zxp590n2m9fjiwmgihlla9ksp8q1hi5-wails-2.11.0",
              "default": true
            }
          ],
          "store_path": "/nix/store/1zxp590n2m9fjiwmgihlla9ksp8q1hi5-wails-2.11.0"
        },
        "x86_64-darwin": {
          "outputs": [
            {
              "name": "out",
              "path": "/nix/store/3fwi3x2add9gvisk4pb6gldws1yvdyvy-wails-2.11.0",
              "default": true
            }
          ],
          "store_path": "/nix/store/3fwi3x2add9gvisk4pb6gldws1yvdyvy-wails-2.11.0"
        },
        "x86_64-linux": {
          "outputs": [
            {
              "name": "out",
              "path": "/nix/store/m6r3yrjm32k9f53k95sgbw0aw071x7b7-wails-2.11.0",
              "default": true
            }
          ],
          "store_path": "/nix/store/m6r3yrjm32k9f53k95sgbw0aw071x7b7-wails-2.11.0"
        }
      }
    }
  }
}
